Microsoft Visual Studio Solution File, Format Version 12.00
# Visual Studio 2012
Project("{FAE04EC0-301F-11D3-BF4B-00C04F79EFBC}") = "RotOfTime", "RotOfTime.csproj", "{DC92334C-4A04-4469-B824-78672AE2832C}"
EndProject
Global
	GlobalSection(SolutionConfigurationPlatforms) = preSolution
	Debug|Any CPU = Debug|Any CPU
	ExportDebug|Any CPU = ExportDebug|Any CPU
	ExportRelease|Any CPU = ExportRelease|Any CPU
	EndGlobalSection
	GlobalSection(ProjectConfigurationPlatforms) = postSolution
		{DC92334C-4A04-4469-B824-78672AE2832C}.Debug|Any CPU.ActiveCfg = Debug|Any CPU
		{DC92334C-4A04-4469-B824-78672AE2832C}.Debug|Any CPU.Build.0 = Debug|Any CPU
		{DC92334C-4A04-4469-B824-78672AE2832C}.ExportDebug|Any CPU.ActiveCfg = ExportDebug|Any CPU
		{DC92334C-4A04-4469-B824-78672AE2832C}.ExportDebug|Any CPU.Build.0 = ExportDebug|Any CPU
		{DC92334C-4A04-4469-B824-78672AE2832C}.ExportRelease|Any CPU.ActiveCfg = ExportRelease|Any CPU
		{DC92334C-4A04-4469-B824-78672AE2832C}.ExportRelease|Any CPU.Build.0 = ExportRelease|Any CPU
	EndGlobalSection
EndGlobal
